
Microsoft Visual Studio Solution File, Format Version 12.00
# Visual Studio Version 17
VisualStudioVersion = 17.11.35219.272
MinimumVisualStudioVersion = 10.0.40219.1
Project("{FAE04EC0-301F-11D3-BF4B-00C04F79EFBC}") = "HelloGameTutorial", "HelloGameTutorial\HelloGameTutorial.csproj", "{4688AA90-3D16-499E-B9AD-CA6F619581D1}"
EndProject
Global
	GlobalSection(SolutionConfigurationPlatforms) = preSolution
		Debug|Any CPU = Debug|Any CPU
		Release|Any CPU = Release|Any CPU
	EndGlobalSection
	GlobalSection(ProjectConfigurationPlatforms) = postSolution
		{4688AA90-3D16-499E-B9AD-CA6F619581D1}.Debug|Any CPU.ActiveCfg = Debug|Any CPU
		{4688AA90-3D16-499E-B9AD-CA6F619581D1}.Debug|Any CPU.Build.0 = Debug|Any CPU
		{4688AA90-3D16-499E-B9AD-CA6F619581D1}.Release|Any CPU.ActiveCfg = Release|Any CPU
		{4688AA90-3D16-499E-B9AD-CA6F619581D1}.Release|Any CPU.Build.0 = Release|Any CPU
	EndGlobalSection
	GlobalSection(SolutionProperties) = preSolution
		HideSolutionNode = FALSE
	EndGlobalSection
	GlobalSection(ExtensibilityGlobals) = postSolution
		SolutionGuid = {BE21D129-4448-4203-889A-8F1D809353F5}
	EndGlobalSection
EndGlobal
